# THIS IS AN AUTOGENERATED FILE. DO NOT EDIT THIS FILE DIRECTLY.
# yarn lockfile v1


"@ryb73/decco@0.0.6":
  version "0.0.6"
  resolved "https://registry.yarnpkg.com/@ryb73/decco/-/decco-0.0.6.tgz#fd772298afc2593e9e2b6cb5ff011e1b912028bb"
  integrity sha512-NPgBWIrXz5GdRDgqZDGFVSYxsIrBssY/iZnJGHiPqXdQqKL5q9nbpJHW9G8wApt98BHyxZZTo45vGGiXiUwu7Q==

qs@6.6.0:
  version "6.6.0"
  resolved "https://registry.yarnpkg.com/qs/-/qs-6.6.0.tgz#a99c0f69a8d26bf7ef012f871cdabb0aee4424c2"
  integrity sha512-KIJqT9jQJDQx5h5uAVPimw6yVg2SekOKu959OCtktD3FjzbpvaPr8i4zzg07DOMz+igA4W/aNM7OV8H37pFYfA==
