# THIS IS AN AUTOGENERATED FILE. DO NOT EDIT THIS FILE DIRECTLY.
# yarn lockfile v1


"@ryb73/decco@0.0.4":
  version "0.0.4"
  resolved "https://registry.yarnpkg.com/@ryb73/decco/-/decco-0.0.4.tgz#99f370b5a40df5fb5c6ca5d9779ecb186a8e5ed5"
  integrity sha512-E5tlonajbMelV9Z0RGwY6i8ebBLty2C2IgrDQJMBZsixOg+J6O2xiSBN37MaHSTz7AhADcOa65jbXimyHZMsdg==
  dependencies:
    bs-batteries "0.0.14"

bs-batteries@0.0.14:
  version "0.0.14"
  resolved "https://registry.yarnpkg.com/bs-batteries/-/bs-batteries-0.0.14.tgz#51536a489615087c05774525c38ab56b4d45df4c"
  integrity sha1-UVNqSJYVCHwFd0Ulw4q1a01F30w=

qs@6.6.0:
  version "6.6.0"
  resolved "https://registry.yarnpkg.com/qs/-/qs-6.6.0.tgz#a99c0f69a8d26bf7ef012f871cdabb0aee4424c2"
  integrity sha512-KIJqT9jQJDQx5h5uAVPimw6yVg2SekOKu959OCtktD3FjzbpvaPr8i4zzg07DOMz+igA4W/aNM7OV8H37pFYfA==
