# This file is generated by running "yarn install" inside your project.
# Manual changes might be lost - proceed with caution!

__metadata:
  version: 4
  cacheKey: 7

"@ryb73/bs-qs@workspace:.":
  version: 0.0.0-use.local
  resolution: "@ryb73/bs-qs@workspace:."
  dependencies:
    bs-platform: 8
    decco: ^1.0.0
    qs: ^6.7.0
  peerDependencies:
    bs-platform: 6 || 7 || 8
  languageName: unknown
  linkType: soft

"bs-platform@npm:8":
  version: 8.3.3
  resolution: "bs-platform@npm:8.3.3"
  bin:
    bsb: bsb
    bsc: bsc
    bsrefmt: bsrefmt
    bstracing: lib/bstracing
  checksum: af6b4fd55c9e8f8e0f0cf24597b0a7f876267fb3bb8df81307e8f8ef98d9636ac94fa4cef5c4ca97f634bf00c47da73a48f63deebed5b9997383d34cd35d651d
  languageName: node
  linkType: hard

"decco@npm:^1.0.0":
  version: 1.0.0
  resolution: "decco@npm:1.0.0"
  peerDependencies:
    bs-platform: ^6.0.1
  checksum: 0b8c24476ffd2faa352dbf02c1bc57d52e25868429aeec6ddd538c5f95b347789e678d9a37422f1f4ef5376af504bece4b23e509edbf9948426d7f79bff46f59
  languageName: node
  linkType: hard

"qs@npm:^6.7.0":
  version: 6.9.1
  resolution: "qs@npm:6.9.1"
  checksum: acc162048da4faa4cf65544b2bc7f3df35dd167c1796a0ef82c857e77844bb002ce14b678cd9be442ddc31cb8cb71d719c68a460cf11ada63b3e69ca1f70aa3b
  languageName: node
  linkType: hard
